
Microsoft Visual Studio Solution File, Format Version 12.00
# Visual Studio Version 17
VisualStudioVersion = 17.13.35931.197 d17.13
MinimumVisualStudioVersion = 10.0.40219.1
Project("{FAE04EC0-301F-11D3-BF4B-00C04F79EFBC}") = "DFeSigner.Core", "DFeSigner.Core\DFeSigner.Core.csproj", "{DE6D45B9-F116-4102-B322-316951D976F4}"
EndProject
Project("{FAE04EC0-301F-11D3-BF4B-00C04F79EFBC}") = "DFeSigner.Tests", "DFeSigner.Tests\DFeSigner.Tests.csproj", "{981B1963-FAAC-4E23-9F01-0AD8EF33738B}"
EndProject
Global
	GlobalSection(SolutionConfigurationPlatforms) = preSolution
		Debug|Any CPU = Debug|Any CPU
		Release|Any CPU = Release|Any CPU
	EndGlobalSection
	GlobalSection(ProjectConfigurationPlatforms) = postSolution
		{DE6D45B9-F116-4102-B322-316951D976F4}.Debug|Any CPU.ActiveCfg = Debug|Any CPU
		{DE6D45B9-F116-4102-B322-316951D976F4}.Debug|Any CPU.Build.0 = Debug|Any CPU
		{DE6D45B9-F116-4102-B322-316951D976F4}.Release|Any CPU.ActiveCfg = Release|Any CPU
		{DE6D45B9-F116-4102-B322-316951D976F4}.Release|Any CPU.Build.0 = Release|Any CPU
		{981B1963-FAAC-4E23-9F01-0AD8EF33738B}.Debug|Any CPU.ActiveCfg = Debug|Any CPU
		{981B1963-FAAC-4E23-9F01-0AD8EF33738B}.Debug|Any CPU.Build.0 = Debug|Any CPU
		{981B1963-FAAC-4E23-9F01-0AD8EF33738B}.Release|Any CPU.ActiveCfg = Release|Any CPU
		{981B1963-FAAC-4E23-9F01-0AD8EF33738B}.Release|Any CPU.Build.0 = Release|Any CPU
	EndGlobalSection
	GlobalSection(SolutionProperties) = preSolution
		HideSolutionNode = FALSE
	EndGlobalSection
	GlobalSection(ExtensibilityGlobals) = postSolution
		SolutionGuid = {4C820EBA-F413-48F8-8DBA-196C8D4BD096}
	EndGlobalSection
EndGlobal
